Microsoft Visual Studio Solution File, Format Version 12.00
# Visual Studio Version 17
VisualStudioVersion = 17.5.2.0
MinimumVisualStudioVersion = 10.0.40219.1
Project("{FAE04EC0-301F-11D3-BF4B-00C04F79EFBC}") = "KTMVC", "KTMVC\KTMVC.csproj", "{6392F1CE-D8F2-1B57-1C6A-2333D5C9CE10}"
EndProject
Global
	GlobalSection(SolutionConfigurationPlatforms) = preSolution
		Debug|Any CPU = Debug|Any CPU
		Release|Any CPU = Release|Any CPU
	EndGlobalSection
	GlobalSection(ProjectConfigurationPlatforms) = postSolution
		{6392F1CE-D8F2-1B57-1C6A-2333D5C9CE10}.Debug|Any CPU.ActiveCfg = Debug|Any CPU
		{6392F1CE-D8F2-1B57-1C6A-2333D5C9CE10}.Debug|Any CPU.Build.0 = Debug|Any CPU
		{6392F1CE-D8F2-1B57-1C6A-2333D5C9CE10}.Release|Any CPU.ActiveCfg = Release|Any CPU
		{6392F1CE-D8F2-1B57-1C6A-2333D5C9CE10}.Release|Any CPU.Build.0 = Release|Any CPU
	EndGlobalSection
	GlobalSection(SolutionProperties) = preSolution
		HideSolutionNode = FALSE
	EndGlobalSection
	GlobalSection(ExtensibilityGlobals) = postSolution
		SolutionGuid = {8B917F2B-6E9B-4798-893A-04CD792698AB}
	EndGlobalSection
EndGlobal
